{
  "version": 4,
  "terraform_version": "1.5.7",
  "serial": 1,
  "lineage": "6c1574b9-34ce-b63d-2169-6b3dce66a16e",
  "outputs": {},
  "resources": [
    {
      "mode": "managed",
      "type": "google_container_cluster",
      "name": "mygke",
      "provider": "provider[\"registry.terraform.io/hashicorp/google\"]",
      "instances": [
        {
          "schema_version": 2,
          "attributes": {
            "addons_config": [
              {
                "cloudrun_config": [],
                "config_connector_config": [],
                "dns_cache_config": [],
                "gce_persistent_disk_csi_driver_config": [
                  {
                    "enabled": true
                  }
                ],
                "gcp_filestore_csi_driver_config": [],
                "gcs_fuse_csi_driver_config": [],
                "gke_backup_agent_config": [],
                "horizontal_pod_autoscaling": [],
                "http_load_balancing": [],
                "network_policy_config": [
                  {
                    "disabled": false
                  }
                ],
                "stateful_ha_config": []
              }
            ],
            "allow_net_admin": null,
            "authenticator_groups_config": [],
            "binary_authorization": [
              {
                "enabled": false,
                "evaluation_mode": ""
              }
            ],
            "cluster_autoscaling": [
              {
                "auto_provisioning_defaults": [],
                "autoscaling_profile": "BALANCED",
                "enabled": false,
                "resource_limits": []
              }
            ],
            "cluster_ipv4_cidr": "10.104.0.0/14",
            "confidential_nodes": [],
            "cost_management_config": [],
            "database_encryption": [
              {
                "key_name": "",
                "state": "DECRYPTED"
              }
            ],
            "datapath_provider": "",
            "default_max_pods_per_node": 110,
            "default_snat_status": [
              {
                "disabled": false
              }
            ],
            "deletion_protection": true,
            "description": "",
            "dns_config": [],
            "enable_autopilot": false,
            "enable_cilium_clusterwide_network_policy": false,
            "enable_intranode_visibility": false,
            "enable_k8s_beta_apis": [],
            "enable_kubernetes_alpha": false,
            "enable_l4_ilb_subsetting": false,
            "enable_legacy_abac": false,
            "enable_shielded_nodes": true,
            "enable_tpu": false,
            "endpoint": "35.231.22.117",
            "fleet": [],
            "gateway_api_config": [],
            "id": "projects/sukrit-singh-426716/locations/us-east1/clusters/my-gke-cluster",
            "identity_service_config": [],
            "initial_node_count": 0,
            "ip_allocation_policy": [
              {
                "additional_pod_ranges_config": [],
                "cluster_ipv4_cidr_block": "10.104.0.0/14",
                "cluster_secondary_range_name": "gke-my-gke-cluster-pods-bbbc2603",
                "pod_cidr_overprovision_config": [
                  {
                    "disabled": false
                  }
                ],
                "services_ipv4_cidr_block": "34.118.224.0/20",
                "services_secondary_range_name": "",
                "stack_type": "IPV4"
              }
            ],
            "label_fingerprint": "a9dc16a7",
            "location": "us-east1",
            "logging_config": [
              {
                "enable_components": [
                  "SYSTEM_COMPONENTS",
                  "WORKLOADS"
                ]
              }
            ],
            "logging_service": "logging.googleapis.com/kubernetes",
            "maintenance_policy": [],
            "master_auth": [
              {
                "client_certificate": "",
                "client_certificate_config": [
                  {
                    "issue_client_certificate": false
                  }
                ],
                "client_key": "",
                "cluster_ca_certificate": "LS0tLS1CRUdJTiBDRVJUSUZJQ0FURS0tLS0tCk1JSUVMRENDQXBTZ0F3SUJBZ0lRRkRkTk1aWXdleHROUFdVRjIvWFluekFOQmdrcWhraUc5dzBCQVFzRkFEQXYKTVMwd0t3WURWUVFERXlReU16VXlPV00wTmkxa09HWXhMVFE0WWpNdFlXRXhPUzFtTW1ZMU9EWmpORGhoWkdZdwpJQmNOTWpRd056RTJNRE13TnpJeFdoZ1BNakExTkRBM01Ea3dOREEzTWpGYU1DOHhMVEFyQmdOVkJBTVRKREl6Ck5USTVZelEyTFdRNFpqRXRORGhpTXkxaFlURTVMV1l5WmpVNE5tTTBPR0ZrWmpDQ0FhSXdEUVlKS29aSWh2Y04KQVFFQkJRQURnZ0dQQURDQ0FZb0NnZ0dCQUtrZVRDVUpJQkpPZlpHZjh3MFpTc0lOM1ZYSjZSNytrdG8rQTg4MgpjMXBuYjVUbjNEaXNtckhwRVdjUk5IQjhsSldUNzVuc2UydERIcThiRWFZNU90cXdKR3B2VnhRczNNSEFwNEdNCmZCVGxlWmE1WW1ZdUNiUHpsL1BreGF0TzhuV2c4aWRTOG1qTitPYk9FbG1Sa3lkMjJMakNCeFVJcnM3Y0F3b2kKY2NNSnFUQkR1QXVSVndTSzJSSWFJOWIveWpRb2xxQWdMTTYwaVNzS1Q0LzM2YzVyc044eUZFMVR1cjdwMHZpZgorZFlVdkRxMk9uOGxvUys2M3RaZDZhVUcxNjJJTnJ6NXk1OHNtWGtzVEZJaWtjWHBqQjFyMDNOS3FLUjhtYWxyCnBBRGQ1MHFWSUhPK2d1anYrU0s0VUZzWndxNEpMQmF3N2tuUFIxZ3FJY2F2RGxleVJEWXRGZmsrY01qMlhIUGcKdXJpeW9qRmZ3bk1aZkFkQTdpa2hiTnFKeFhFTmhqejA0eitnOS9nSEdEMDlJKzRqcjlpbHJNSWxCMEJCMHQvZQppUkh2RWZsaENzMGcvVGFKVktPd2VQTzZsdE14UCtYSjZidkw0alorTEgxNG9HQzdMSFpHcFBaNTVnWGJTT0VlCndZVEQwaGF1RTNET0xVNmJEa1BGdjdrend3SURBUUFCbzBJd1FEQU9CZ05WSFE4QkFmOEVCQU1DQWdRd0R3WUQKVlIwVEFRSC9CQVV3QXdFQi96QWRCZ05WSFE0RUZnUVU4YWVZOGVpcEF5cjRFeFAwdE5JM3NFNzhFYk13RFFZSgpLb1pJaHZjTkFRRUxCUUFEZ2dHQkFIQlVNdlRVUllidDdCY2tQV1BFQzdpZzR3eXRCRzdoSFBwQ0szSXYvK3ZpCjcrYWIvbTloLzgxanZIYmsxLzJrVzJLaFhFYTBuR1daenpqemdob2FhcjRVZXJvcGJqOTU0c0lyVmUxUHR1bEoKZmF5TFZPRnVuZEsyRDNUb09rSXhGM25RUENEV2syTVc1dFNNdzIvZzhpeDZZOXJHQzVYQmx0L0l5aXBYeXl3eQpTZXRUcS9TVzgwUDBTdW5FVVc4Mi8yb2hBZGYyUERUL0UzcUZNcm5jOGVHRk4zeDUrZktQTml5VWZOV0pEM1JWCkpMOHJFcUtpSjVxMXd0TzN1dDAvVU1Ed1U1Uzd1dTREZzdDM2t5dVh3Nmw5ajd6VHZVMkx5TWtZK2h0elc5VDcKYndzVmo5OEp5YlZCQlpMS3hjOEsySWthaTYycHhuSmhMdlE2c0Vablh3RnhMN1ROd3NqY2VmWVR3K2FvK3hITAo0SHNNM3A1ZU5pbzFSY0NFWUtUelErYk53ZWFGb2VjS1BFK0tDZld2dDNmYVdNMFl5MVRBVFVueGhYd25TUmNpCk14ZVM1UjlPbDBMdlI5VnZDWVdQSGR1RXA5WW5QUG4wRGxRUUZTVC9CM0NlU0FQMVVVbnZ0SVlOcVVCSDZlUk8KSVBRZWdaWjBZMys4TEM0Rjd4VElBQT09Ci0tLS0tRU5EIENFUlRJRklDQVRFLS0tLS0K"
              }
            ],
            "master_authorized_networks_config": [],
            "master_version": "1.29.5-gke.1091002",
            "mesh_certificates": [],
            "min_master_version": null,
            "monitoring_config": [
              {
                "advanced_datapath_observability_config": [
                  {
                    "enable_metrics": false,
                    "enable_relay": false,
                    "relay_mode": "DISABLED"
                  }
                ],
                "enable_components": [
                  "SYSTEM_COMPONENTS"
                ],
                "managed_prometheus": [
                  {
                    "enabled": true
                  }
                ]
              }
            ],
            "monitoring_service": "monitoring.googleapis.com/kubernetes",
            "name": "my-gke-cluster",
            "network": "projects/sukrit-singh-426716/global/networks/default",
            "network_policy": [
              {
                "enabled": true,
                "provider": ""
              }
            ],
            "networking_mode": "VPC_NATIVE",
            "node_config": [
              {
                "advanced_machine_features": [],
                "boot_disk_kms_key": "",
                "confidential_nodes": [],
                "containerd_config": [],
                "disk_size_gb": 20,
                "disk_type": "pd-balanced",
                "effective_taints": [],
                "enable_confidential_storage": false,
                "ephemeral_storage_local_ssd_config": [],
                "fast_socket": [],
                "gcfs_config": [],
                "guest_accelerator": [],
                "gvnic": [],
                "host_maintenance_policy": [],
                "image_type": "COS_CONTAINERD",
                "kubelet_config": [],
                "labels": {},
                "linux_node_config": [],
                "local_nvme_ssd_block_config": [],
                "local_ssd_count": 0,
                "logging_variant": "DEFAULT",
                "machine_type": "e2-medium",
                "metadata": {
                  "disable-legacy-endpoints": "true"
                },
                "min_cpu_platform": "",
                "node_group": "",
                "oauth_scopes": [
                  "https://www.googleapis.com/auth/devstorage.read_only",
                  "https://www.googleapis.com/auth/logging.write",
                  "https://www.googleapis.com/auth/monitoring",
                  "https://www.googleapis.com/auth/service.management.readonly",
                  "https://www.googleapis.com/auth/servicecontrol",
                  "https://www.googleapis.com/auth/trace.append"
                ],
                "preemptible": false,
                "reservation_affinity": [],
                "resource_labels": {},
                "resource_manager_tags": {},
                "secondary_boot_disks": [],
                "service_account": "default",
                "shielded_instance_config": [
                  {
                    "enable_integrity_monitoring": true,
                    "enable_secure_boot": false
                  }
                ],
                "sole_tenant_config": [],
                "spot": false,
                "tags": [],
                "taint": [],
                "workload_metadata_config": []
              }
            ],
            "node_locations": [
              "us-east1-b",
              "us-east1-c",
              "us-east1-d"
            ],
            "node_pool": [
              {
                "autoscaling": [],
                "initial_node_count": 1,
                "instance_group_urls": [
                  "https://www.googleapis.com/compute/v1/projects/sukrit-singh-426716/zones/us-east1-c/instanceGroupManagers/gke-my-gke-cluster-default-pool-86810e0c-grp",
                  "https://www.googleapis.com/compute/v1/projects/sukrit-singh-426716/zones/us-east1-d/instanceGroupManagers/gke-my-gke-cluster-default-pool-2c561de5-grp",
                  "https://www.googleapis.com/compute/v1/projects/sukrit-singh-426716/zones/us-east1-b/instanceGroupManagers/gke-my-gke-cluster-default-pool-2ee6c5c8-grp"
                ],
                "managed_instance_group_urls": [
                  "https://www.googleapis.com/compute/v1/projects/sukrit-singh-426716/zones/us-east1-c/instanceGroups/gke-my-gke-cluster-default-pool-86810e0c-grp",
                  "https://www.googleapis.com/compute/v1/projects/sukrit-singh-426716/zones/us-east1-d/instanceGroups/gke-my-gke-cluster-default-pool-2c561de5-grp",
                  "https://www.googleapis.com/compute/v1/projects/sukrit-singh-426716/zones/us-east1-b/instanceGroups/gke-my-gke-cluster-default-pool-2ee6c5c8-grp"
                ],
                "management": [
                  {
                    "auto_repair": true,
                    "auto_upgrade": true
                  }
                ],
                "max_pods_per_node": 110,
                "name": "default-pool",
                "name_prefix": "",
                "network_config": [
                  {
                    "create_pod_range": false,
                    "enable_private_nodes": false,
                    "network_performance_config": [],
                    "pod_cidr_overprovision_config": [],
                    "pod_ipv4_cidr_block": "10.104.0.0/14",
                    "pod_range": "gke-my-gke-cluster-pods-bbbc2603"
                  }
                ],
                "node_config": [
                  {
                    "advanced_machine_features": [],
                    "boot_disk_kms_key": "",
                    "confidential_nodes": [],
                    "containerd_config": [],
                    "disk_size_gb": 20,
                    "disk_type": "pd-balanced",
                    "effective_taints": [],
                    "enable_confidential_storage": false,
                    "ephemeral_storage_local_ssd_config": [],
                    "fast_socket": [],
                    "gcfs_config": [],
                    "guest_accelerator": [],
                    "gvnic": [],
                    "host_maintenance_policy": [],
                    "image_type": "COS_CONTAINERD",
                    "kubelet_config": [],
                    "labels": {},
                    "linux_node_config": [],
                    "local_nvme_ssd_block_config": [],
                    "local_ssd_count": 0,
                    "logging_variant": "DEFAULT",
                    "machine_type": "e2-medium",
                    "metadata": {
                      "disable-legacy-endpoints": "true"
                    },
                    "min_cpu_platform": "",
                    "node_group": "",
                    "oauth_scopes": [
                      "https://www.googleapis.com/auth/devstorage.read_only",
                      "https://www.googleapis.com/auth/logging.write",
                      "https://www.googleapis.com/auth/monitoring",
                      "https://www.googleapis.com/auth/service.management.readonly",
                      "https://www.googleapis.com/auth/servicecontrol",
                      "https://www.googleapis.com/auth/trace.append"
                    ],
                    "preemptible": false,
                    "reservation_affinity": [],
                    "resource_labels": null,
                    "resource_manager_tags": null,
                    "secondary_boot_disks": [],
                    "service_account": "default",
                    "shielded_instance_config": [
                      {
                        "enable_integrity_monitoring": true,
                        "enable_secure_boot": false
                      }
                    ],
                    "sole_tenant_config": [],
                    "spot": false,
                    "tags": null,
                    "taint": [],
                    "workload_metadata_config": []
                  }
                ],
                "node_count": 1,
                "node_locations": [
                  "us-east1-b",
                  "us-east1-c",
                  "us-east1-d"
                ],
                "placement_policy": [],
                "queued_provisioning": [],
                "upgrade_settings": [
                  {
                    "blue_green_settings": [],
                    "max_surge": 1,
                    "max_unavailable": 0,
                    "strategy": "SURGE"
                  }
                ],
                "version": "1.29.5-gke.1091002"
              }
            ],
            "node_pool_auto_config": [],
            "node_pool_defaults": [
              {
                "node_config_defaults": [
                  {
                    "containerd_config": [],
                    "logging_variant": "DEFAULT"
                  }
                ]
              }
            ],
            "node_version": "1.29.5-gke.1091002",
            "notification_config": [
              {
                "pubsub": [
                  {
                    "enabled": false,
                    "filter": [],
                    "topic": ""
                  }
                ]
              }
            ],
            "operation": null,
            "private_cluster_config": [
              {
                "enable_private_endpoint": false,
                "enable_private_nodes": false,
                "master_global_access_config": [
                  {
                    "enabled": false
                  }
                ],
                "master_ipv4_cidr_block": "",
                "peering_name": "",
                "private_endpoint": "10.142.0.21",
                "private_endpoint_subnetwork": "",
                "public_endpoint": "35.231.22.117"
              }
            ],
            "private_ipv6_google_access": "",
            "project": "sukrit-singh-426716",
            "release_channel": [
              {
                "channel": "REGULAR"
              }
            ],
            "remove_default_node_pool": null,
            "resource_labels": null,
            "resource_usage_export_config": [],
            "security_posture_config": [
              {
                "mode": "BASIC",
                "vulnerability_mode": "VULNERABILITY_MODE_UNSPECIFIED"
              }
            ],
            "self_link": "https://container.googleapis.com/v1/projects/sukrit-singh-426716/locations/us-east1/clusters/my-gke-cluster",
            "service_external_ips_config": [
              {
                "enabled": false
              }
            ],
            "services_ipv4_cidr": "34.118.224.0/20",
            "subnetwork": "projects/sukrit-singh-426716/regions/us-east1/subnetworks/default",
            "timeouts": null,
            "tpu_ipv4_cidr_block": "",
            "vertical_pod_autoscaling": [],
            "workload_identity_config": []
          },
          "sensitive_attributes": [],
          "private": "eyJlMmJmYjczMC1lY2FhLTExZTYtOGY4OC0zNDM2M2JjN2M0YzAiOnsiY3JlYXRlIjoyNDAwMDAwMDAwMDAwLCJkZWxldGUiOjI0MDAwMDAwMDAwMDAsInJlYWQiOjI0MDAwMDAwMDAwMDAsInVwZGF0ZSI6MzYwMDAwMDAwMDAwMH0sInNjaGVtYV92ZXJzaW9uIjoiMiJ9"
        }
      ]
    }
  ],
  "check_results": null
}
